
Microsoft Visual Studio Solution File, Format Version 12.00
# Visual Studio 15
VisualStudioVersion = 15.0.27703.2047
MinimumVisualStudioVersion = 10.0.40219.1
Project("{FAE04EC0-301F-11D3-BF4B-00C04F79EFBC}") = "ChronosEditor", "ChronosEditor.csproj", "{EC2C93FE-382E-4C6C-8D8B-6B3D11DE9559}"
EndProject
Global
	GlobalSection(SolutionConfigurationPlatforms) = preSolution
		Debug|Any CPU = Debug|Any CPU
		Release|Any CPU = Release|Any CPU
	EndGlobalSection
	GlobalSection(ProjectConfigurationPlatforms) = postSolution
		{EC2C93FE-382E-4C6C-8D8B-6B3D11DE9559}.Debug|Any CPU.ActiveCfg = Debug|Any CPU
		{EC2C93FE-382E-4C6C-8D8B-6B3D11DE9559}.Debug|Any CPU.Build.0 = Debug|Any CPU
		{EC2C93FE-382E-4C6C-8D8B-6B3D11DE9559}.Release|Any CPU.ActiveCfg = Release|Any CPU
		{EC2C93FE-382E-4C6C-8D8B-6B3D11DE9559}.Release|Any CPU.Build.0 = Release|Any CPU
	EndGlobalSection
	GlobalSection(SolutionProperties) = preSolution
		HideSolutionNode = FALSE
	EndGlobalSection
	GlobalSection(ExtensibilityGlobals) = postSolution
		SolutionGuid = {57F7AF3E-2D07-4319-9469-F1AB2756F172}
	EndGlobalSection
EndGlobal
